
Microsoft Visual Studio Solution File, Format Version 12.00
# Visual Studio Version 16
VisualStudioVersion = 16.0.31613.86
MinimumVisualStudioVersion = 10.0.40219.1
Project("{FAE04EC0-301F-11D3-BF4B-00C04F79EFBC}") = "ConsoleApp1", "ConsoleApp1.csproj", "{835BDE1D-FB79-46A6-8C17-1AFB8D537F29}"
EndProject
Global
	GlobalSection(SolutionConfigurationPlatforms) = preSolution
		Debug|Any CPU = Debug|Any CPU
		Release|Any CPU = Release|Any CPU
	EndGlobalSection
	GlobalSection(ProjectConfigurationPlatforms) = postSolution
		{835BDE1D-FB79-46A6-8C17-1AFB8D537F29}.Debug|Any CPU.ActiveCfg = Debug|Any CPU
		{835BDE1D-FB79-46A6-8C17-1AFB8D537F29}.Debug|Any CPU.Build.0 = Debug|Any CPU
		{835BDE1D-FB79-46A6-8C17-1AFB8D537F29}.Release|Any CPU.ActiveCfg = Release|Any CPU
		{835BDE1D-FB79-46A6-8C17-1AFB8D537F29}.Release|Any CPU.Build.0 = Release|Any CPU
	EndGlobalSection
	GlobalSection(SolutionProperties) = preSolution
		HideSolutionNode = FALSE
	EndGlobalSection
	GlobalSection(ExtensibilityGlobals) = postSolution
		SolutionGuid = {B6DFFA35-4939-4FE4-8207-B96366417F99}
	EndGlobalSection
EndGlobal
